
Microsoft Visual Studio Solution File, Format Version 12.00
# Visual Studio Version 16
VisualStudioVersion = 16.0.30104.148
MinimumVisualStudioVersion = 10.0.40219.1
Project("{FAE04EC0-301F-11D3-BF4B-00C04F79EFBC}") = "SELDLA-G", "SELDLA-G.csproj", "{9DAF8E03-42A4-4A99-9805-CDA7E2F031E6}"
EndProject
Global
	GlobalSection(SolutionConfigurationPlatforms) = preSolution
		Debug|Any CPU = Debug|Any CPU
		Release|Any CPU = Release|Any CPU
	EndGlobalSection
	GlobalSection(ProjectConfigurationPlatforms) = postSolution
		{9DAF8E03-42A4-4A99-9805-CDA7E2F031E6}.Debug|Any CPU.ActiveCfg = Debug|Any CPU
		{9DAF8E03-42A4-4A99-9805-CDA7E2F031E6}.Debug|Any CPU.Build.0 = Debug|Any CPU
		{9DAF8E03-42A4-4A99-9805-CDA7E2F031E6}.Release|Any CPU.ActiveCfg = Release|Any CPU
		{9DAF8E03-42A4-4A99-9805-CDA7E2F031E6}.Release|Any CPU.Build.0 = Release|Any CPU
	EndGlobalSection
	GlobalSection(SolutionProperties) = preSolution
		HideSolutionNode = FALSE
	EndGlobalSection
	GlobalSection(ExtensibilityGlobals) = postSolution
		SolutionGuid = {4FA50E53-50EE-4CFA-891A-4670F0CF55B1}
	EndGlobalSection
EndGlobal
